
Microsoft Visual Studio Solution File, Format Version 12.00
# Visual Studio Version 16
VisualStudioVersion = 16.0.30907.101
MinimumVisualStudioVersion = 10.0.40219.1
Project("{FAE04EC0-301F-11D3-BF4B-00C04F79EFBC}") = "Mady.RegEx", "Mady.RegEx\Mady.RegEx.csproj", "{AD016220-E56D-4852-83A3-CF6F6594BEB1}"
EndProject
Global
	GlobalSection(SolutionConfigurationPlatforms) = preSolution
		Debug|Any CPU = Debug|Any CPU
		Release|Any CPU = Release|Any CPU
	EndGlobalSection
	GlobalSection(ProjectConfigurationPlatforms) = postSolution
		{AD016220-E56D-4852-83A3-CF6F6594BEB1}.Debug|Any CPU.ActiveCfg = Debug|Any CPU
		{AD016220-E56D-4852-83A3-CF6F6594BEB1}.Debug|Any CPU.Build.0 = Debug|Any CPU
		{AD016220-E56D-4852-83A3-CF6F6594BEB1}.Release|Any CPU.ActiveCfg = Release|Any CPU
		{AD016220-E56D-4852-83A3-CF6F6594BEB1}.Release|Any CPU.Build.0 = Release|Any CPU
	EndGlobalSection
	GlobalSection(SolutionProperties) = preSolution
		HideSolutionNode = FALSE
	EndGlobalSection
	GlobalSection(ExtensibilityGlobals) = postSolution
		SolutionGuid = {BC848442-6817-421A-97C8-2A7150AE2091}
	EndGlobalSection
EndGlobal
